
Microsoft Visual Studio Solution File, Format Version 12.00
# Visual Studio 14
VisualStudioVersion = 14.0.25420.1
MinimumVisualStudioVersion = 10.0.40219.1
Project("{FAE04EC0-301F-11D3-BF4B-00C04F79EFBC}") = "MachineLearningLib", "MachineLearningLib\MachineLearningLib.csproj", "{2F7FE55B-83E9-4589-AA6A-A2D2E2EA612E}"
EndProject
Project("{FAE04EC0-301F-11D3-BF4B-00C04F79EFBC}") = "Examples.cs", "Examples.cs\Examples.cs.csproj", "{63D51799-509E-43DD-B90D-2469FC9C580F}"
EndProject
Global
	GlobalSection(SolutionConfigurationPlatforms) = preSolution
		Debug|Any CPU = Debug|Any CPU
		Release|Any CPU = Release|Any CPU
	EndGlobalSection
	GlobalSection(ProjectConfigurationPlatforms) = postSolution
		{2F7FE55B-83E9-4589-AA6A-A2D2E2EA612E}.Debug|Any CPU.ActiveCfg = Debug|Any CPU
		{2F7FE55B-83E9-4589-AA6A-A2D2E2EA612E}.Debug|Any CPU.Build.0 = Debug|Any CPU
		{2F7FE55B-83E9-4589-AA6A-A2D2E2EA612E}.Release|Any CPU.ActiveCfg = Release|Any CPU
		{2F7FE55B-83E9-4589-AA6A-A2D2E2EA612E}.Release|Any CPU.Build.0 = Release|Any CPU
		{63D51799-509E-43DD-B90D-2469FC9C580F}.Debug|Any CPU.ActiveCfg = Debug|Any CPU
		{63D51799-509E-43DD-B90D-2469FC9C580F}.Debug|Any CPU.Build.0 = Debug|Any CPU
		{63D51799-509E-43DD-B90D-2469FC9C580F}.Release|Any CPU.ActiveCfg = Release|Any CPU
		{63D51799-509E-43DD-B90D-2469FC9C580F}.Release|Any CPU.Build.0 = Release|Any CPU
	EndGlobalSection
	GlobalSection(SolutionProperties) = preSolution
		HideSolutionNode = FALSE
	EndGlobalSection
EndGlobal
